
Microsoft Visual Studio Solution File, Format Version 12.00
# Visual Studio 14
VisualStudioVersion = 14.0.25420.1
MinimumVisualStudioVersion = 10.0.40219.1
Project("{FAE04EC0-301F-11D3-BF4B-00C04F79EFBC}") = "BTVN2008", "BTVN2008\BTVN2008.csproj", "{E52610CD-7894-44EF-BB47-3D96FCA754BE}"
EndProject
Global
	GlobalSection(SolutionConfigurationPlatforms) = preSolution
		Debug|Any CPU = Debug|Any CPU
		Release|Any CPU = Release|Any CPU
	EndGlobalSection
	GlobalSection(ProjectConfigurationPlatforms) = postSolution
		{E52610CD-7894-44EF-BB47-3D96FCA754BE}.Debug|Any CPU.ActiveCfg = Debug|Any CPU
		{E52610CD-7894-44EF-BB47-3D96FCA754BE}.Debug|Any CPU.Build.0 = Debug|Any CPU
		{E52610CD-7894-44EF-BB47-3D96FCA754BE}.Release|Any CPU.ActiveCfg = Release|Any CPU
		{E52610CD-7894-44EF-BB47-3D96FCA754BE}.Release|Any CPU.Build.0 = Release|Any CPU
	EndGlobalSection
	GlobalSection(SolutionProperties) = preSolution
		HideSolutionNode = FALSE
	EndGlobalSection
EndGlobal
